
Microsoft Visual Studio Solution File, Format Version 12.00
# Visual Studio Version 17
VisualStudioVersion = 17.3.32922.545
MinimumVisualStudioVersion = 10.0.40219.1
Project("{9A19103F-16F7-4668-BE54-9A1E7A4F7556}") = "Designer", "AvaloniaDesigner\Designer.csproj", "{622C4303-2568-4523-A121-DDC4D5EDB865}"
EndProject
Project("{9A19103F-16F7-4668-BE54-9A1E7A4F7556}") = "Designer.Core", "Designer.Core\Designer.Core.csproj", "{0E32060F-AEA2-4D03-BD39-858858D1A902}"
EndProject
Project("{9A19103F-16F7-4668-BE54-9A1E7A4F7556}") = "Designer.Domain.Models", "Designer.Domain.Models\Designer.Domain.Models.csproj", "{2E1F1CD7-5BC0-490A-9C2A-7FB9CF91A46F}"
EndProject
Project("{9A19103F-16F7-4668-BE54-9A1E7A4F7556}") = "Designer.Domain.ViewModels", "Designer.Domain.ViewModels\Designer.Domain.ViewModels.csproj", "{B5489E4E-4385-4AAF-B75A-8F5DA6779E41}"
EndProject
Project("{FAE04EC0-301F-11D3-BF4B-00C04F79EFBC}") = "Zafiro.Avalonia", "Zafiro.Avalonia\Zafiro.Avalonia.csproj", "{2552582D-710A-4376-954F-306874152D3A}"
EndProject
Project("{FAE04EC0-301F-11D3-BF4B-00C04F79EFBC}") = "Zafiro.Core", "Zafiro.Core\Zafiro.Core.csproj", "{67098D4F-9088-43B6-81EB-369D3214E891}"
EndProject
Project("{FAE04EC0-301F-11D3-BF4B-00C04F79EFBC}") = "Zafiro.Avalonia.Design", "Zafiro.Avalonia.Design\Zafiro.Avalonia.Design.csproj", "{B8F5D331-7584-4271-9622-D774F16981B2}"
EndProject
Global
	GlobalSection(SolutionConfigurationPlatforms) = preSolution
		Debug|Any CPU = Debug|Any CPU
		Debug|ARM = Debug|ARM
		Debug|ARM64 = Debug|ARM64
		Debug|x64 = Debug|x64
		Debug|x86 = Debug|x86
		Release|Any CPU = Release|Any CPU
		Release|ARM = Release|ARM
		Release|ARM64 = Release|ARM64
		Release|x64 = Release|x64
		Release|x86 = Release|x86
	EndGlobalSection
	GlobalSection(ProjectConfigurationPlatforms) = postSolution
		{622C4303-2568-4523-A121-DDC4D5EDB865}.Debug|Any CPU.ActiveCfg = Debug|Any CPU
		{622C4303-2568-4523-A121-DDC4D5EDB865}.Debug|Any CPU.Build.0 = Debug|Any CPU
		{622C4303-2568-4523-A121-DDC4D5EDB865}.Debug|ARM.ActiveCfg = Debug|Any CPU
		{622C4303-2568-4523-A121-DDC4D5EDB865}.Debug|ARM.Build.0 = Debug|Any CPU
		{622C4303-2568-4523-A121-DDC4D5EDB865}.Debug|ARM64.ActiveCfg = Debug|Any CPU
		{622C4303-2568-4523-A121-DDC4D5EDB865}.Debug|ARM64.Build.0 = Debug|Any CPU
		{622C4303-2568-4523-A121-DDC4D5EDB865}.Debug|x64.ActiveCfg = Debug|Any CPU
		{622C4303-2568-4523-A121-DDC4D5EDB865}.Debug|x64.Build.0 = Debug|Any CPU
		{622C4303-2568-4523-A121-DDC4D5EDB865}.Debug|x86.ActiveCfg = Debug|Any CPU
		{622C4303-2568-4523-A121-DDC4D5EDB865}.Debug|x86.Build.0 = Debug|Any CPU
		{622C4303-2568-4523-A121-DDC4D5EDB865}.Release|Any CPU.ActiveCfg = Release|Any CPU
		{622C4303-2568-4523-A121-DDC4D5EDB865}.Release|Any CPU.Build.0 = Release|Any CPU
		{622C4303-2568-4523-A121-DDC4D5EDB865}.Release|ARM.ActiveCfg = Release|Any CPU
		{622C4303-2568-4523-A121-DDC4D5EDB865}.Release|ARM.Build.0 = Release|Any CPU
		{622C4303-2568-4523-A121-DDC4D5EDB865}.Release|ARM64.ActiveCfg = Release|Any CPU
		{622C4303-2568-4523-A121-DDC4D5EDB865}.Release|ARM64.Build.0 = Release|Any CPU
		{622C4303-2568-4523-A121-DDC4D5EDB865}.Release|x64.ActiveCfg = Release|Any CPU
		{622C4303-2568-4523-A121-DDC4D5EDB865}.Release|x64.Build.0 = Release|Any CPU
		{622C4303-2568-4523-A121-DDC4D5EDB865}.Release|x86.ActiveCfg = Release|Any CPU
		{622C4303-2568-4523-A121-DDC4D5EDB865}.Release|x86.Build.0 = Release|Any CPU
		{0E32060F-AEA2-4D03-BD39-858858D1A902}.Debug|Any CPU.ActiveCfg = Debug|Any CPU
		{0E32060F-AEA2-4D03-BD39-858858D1A902}.Debug|Any CPU.Build.0 = Debug|Any CPU
		{0E32060F-AEA2-4D03-BD39-858858D1A902}.Debug|ARM.ActiveCfg = Debug|Any CPU
		{0E32060F-AEA2-4D03-BD39-858858D1A902}.Debug|ARM.Build.0 = Debug|Any CPU
		{0E32060F-AEA2-4D03-BD39-858858D1A902}.Debug|ARM64.ActiveCfg = Debug|Any CPU
		{0E32060F-AEA2-4D03-BD39-858858D1A902}.Debug|ARM64.Build.0 = Debug|Any CPU
		{0E32060F-AEA2-4D03-BD39-858858D1A902}.Debug|x64.ActiveCfg = Debug|Any CPU
		{0E32060F-AEA2-4D03-BD39-858858D1A902}.Debug|x64.Build.0 = Debug|Any CPU
		{0E32060F-AEA2-4D03-BD39-858858D1A902}.Debug|x86.ActiveCfg = Debug|Any CPU
		{0E32060F-AEA2-4D03-BD39-858858D1A902}.Debug|x86.Build.0 = Debug|Any CPU
		{0E32060F-AEA2-4D03-BD39-858858D1A902}.Release|Any CPU.ActiveCfg = Release|Any CPU
		{0E32060F-AEA2-4D03-BD39-858858D1A902}.Release|Any CPU.Build.0 = Release|Any CPU
		{0E32060F-AEA2-4D03-BD39-858858D1A902}.Release|ARM.ActiveCfg = Release|Any CPU
		{0E32060F-AEA2-4D03-BD39-858858D1A902}.Release|ARM.Build.0 = Release|Any CPU
		{0E32060F-AEA2-4D03-BD39-858858D1A902}.Release|ARM64.ActiveCfg = Release|Any CPU
		{0E32060F-AEA2-4D03-BD39-858858D1A902}.Release|ARM64.Build.0 = Release|Any CPU
		{0E32060F-AEA2-4D03-BD39-858858D1A902}.Release|x64.ActiveCfg = Release|Any CPU
		{0E32060F-AEA2-4D03-BD39-858858D1A902}.Release|x64.Build.0 = Release|Any CPU
		{0E32060F-AEA2-4D03-BD39-858858D1A902}.Release|x86.ActiveCfg = Release|Any CPU
		{0E32060F-AEA2-4D03-BD39-858858D1A902}.Release|x86.Build.0 = Release|Any CPU
		{2E1F1CD7-5BC0-490A-9C2A-7FB9CF91A46F}.Debug|Any CPU.ActiveCfg = Debug|Any CPU
		{2E1F1CD7-5BC0-490A-9C2A-7FB9CF91A46F}.Debug|Any CPU.Build.0 = Debug|Any CPU
		{2E1F1CD7-5BC0-490A-9C2A-7FB9CF91A46F}.Debug|ARM.ActiveCfg = Debug|Any CPU
		{2E1F1CD7-5BC0-490A-9C2A-7FB9CF91A46F}.Debug|ARM.Build.0 = Debug|Any CPU
		{2E1F1CD7-5BC0-490A-9C2A-7FB9CF91A46F}.Debug|ARM64.ActiveCfg = Debug|Any CPU
		{2E1F1CD7-5BC0-490A-9C2A-7FB9CF91A46F}.Debug|ARM64.Build.0 = Debug|Any CPU
		{2E1F1CD7-5BC0-490A-9C2A-7FB9CF91A46F}.Debug|x64.ActiveCfg = Debug|Any CPU
		{2E1F1CD7-5BC0-490A-9C2A-7FB9CF91A46F}.Debug|x64.Build.0 = Debug|Any CPU
		{2E1F1CD7-5BC0-490A-9C2A-7FB9CF91A46F}.Debug|x86.ActiveCfg = Debug|Any CPU
		{2E1F1CD7-5BC0-490A-9C2A-7FB9CF91A46F}.Debug|x86.Build.0 = Debug|Any CPU
		{2E1F1CD7-5BC0-490A-9C2A-7FB9CF91A46F}.Release|Any CPU.ActiveCfg = Release|Any CPU
		{2E1F1CD7-5BC0-490A-9C2A-7FB9CF91A46F}.Release|Any CPU.Build.0 = Release|Any CPU
		{2E1F1CD7-5BC0-490A-9C2A-7FB9CF91A46F}.Release|ARM.ActiveCfg = Release|Any CPU
		{2E1F1CD7-5BC0-490A-9C2A-7FB9CF91A46F}.Release|ARM.Build.0 = Release|Any CPU
		{2E1F1CD7-5BC0-490A-9C2A-7FB9CF91A46F}.Release|ARM64.ActiveCfg = Release|Any CPU
		{2E1F1CD7-5BC0-490A-9C2A-7FB9CF91A46F}.Release|ARM64.Build.0 = Release|Any CPU
		{2E1F1CD7-5BC0-490A-9C2A-7FB9CF91A46F}.Release|x64.ActiveCfg = Release|Any CPU
		{2E1F1CD7-5BC0-490A-9C2A-7FB9CF91A46F}.Release|x64.Build.0 = Release|Any CPU
		{2E1F1CD7-5BC0-490A-9C2A-7FB9CF91A46F}.Release|x86.ActiveCfg = Release|Any CPU
		{2E1F1CD7-5BC0-490A-9C2A-7FB9CF91A46F}.Release|x86.Build.0 = Release|Any CPU
		{B5489E4E-4385-4AAF-B75A-8F5DA6779E41}.Debug|Any CPU.ActiveCfg = Debug|Any CPU
		{B5489E4E-4385-4AAF-B75A-8F5DA6779E41}.Debug|Any CPU.Build.0 = Debug|Any CPU
		{B5489E4E-4385-4AAF-B75A-8F5DA6779E41}.Debug|ARM.ActiveCfg = Debug|Any CPU
		{B5489E4E-4385-4AAF-B75A-8F5DA6779E41}.Debug|ARM.Build.0 = Debug|Any CPU
		{B5489E4E-4385-4AAF-B75A-8F5DA6779E41}.Debug|ARM64.ActiveCfg = Debug|Any CPU
		{B5489E4E-4385-4AAF-B75A-8F5DA6779E41}.Debug|ARM64.Build.0 = Debug|Any CPU
		{B5489E4E-4385-4AAF-B75A-8F5DA6779E41}.Debug|x64.ActiveCfg = Debug|Any CPU
		{B5489E4E-4385-4AAF-B75A-8F5DA6779E41}.Debug|x64.Build.0 = Debug|Any CPU
		{B5489E4E-4385-4AAF-B75A-8F5DA6779E41}.Debug|x86.ActiveCfg = Debug|Any CPU
		{B5489E4E-4385-4AAF-B75A-8F5DA6779E41}.Debug|x86.Build.0 = Debug|Any CPU
		{B5489E4E-4385-4AAF-B75A-8F5DA6779E41}.Release|Any CPU.ActiveCfg = Release|Any CPU
		{B5489E4E-4385-4AAF-B75A-8F5DA6779E41}.Release|Any CPU.Build.0 = Release|Any CPU
		{B5489E4E-4385-4AAF-B75A-8F5DA6779E41}.Release|ARM.ActiveCfg = Release|Any CPU
		{B5489E4E-4385-4AAF-B75A-8F5DA6779E41}.Release|ARM.Build.0 = Release|Any CPU
		{B5489E4E-4385-4AAF-B75A-8F5DA6779E41}.Release|ARM64.ActiveCfg = Release|Any CPU
		{B5489E4E-4385-4AAF-B75A-8F5DA6779E41}.Release|ARM64.Build.0 = Release|Any CPU
		{B5489E4E-4385-4AAF-B75A-8F5DA6779E41}.Release|x64.ActiveCfg = Release|Any CPU
		{B5489E4E-4385-4AAF-B75A-8F5DA6779E41}.Release|x64.Build.0 = Release|Any CPU
		{B5489E4E-4385-4AAF-B75A-8F5DA6779E41}.Release|x86.ActiveCfg = Release|Any CPU
		{B5489E4E-4385-4AAF-B75A-8F5DA6779E41}.Release|x86.Build.0 = Release|Any CPU
		{2552582D-710A-4376-954F-306874152D3A}.Debug|Any CPU.ActiveCfg = Debug|Any CPU
		{2552582D-710A-4376-954F-306874152D3A}.Debug|Any CPU.Build.0 = Debug|Any CPU
		{2552582D-710A-4376-954F-306874152D3A}.Debug|ARM.ActiveCfg = Debug|Any CPU
		{2552582D-710A-4376-954F-306874152D3A}.Debug|ARM.Build.0 = Debug|Any CPU
		{2552582D-710A-4376-954F-306874152D3A}.Debug|ARM64.ActiveCfg = Debug|Any CPU
		{2552582D-710A-4376-954F-306874152D3A}.Debug|ARM64.Build.0 = Debug|Any CPU
		{2552582D-710A-4376-954F-306874152D3A}.Debug|x64.ActiveCfg = Debug|Any CPU
		{2552582D-710A-4376-954F-306874152D3A}.Debug|x64.Build.0 = Debug|Any CPU
		{2552582D-710A-4376-954F-306874152D3A}.Debug|x86.ActiveCfg = Debug|Any CPU
		{2552582D-710A-4376-954F-306874152D3A}.Debug|x86.Build.0 = Debug|Any CPU
		{2552582D-710A-4376-954F-306874152D3A}.Release|Any CPU.ActiveCfg = Release|Any CPU
		{2552582D-710A-4376-954F-306874152D3A}.Release|Any CPU.Build.0 = Release|Any CPU
		{2552582D-710A-4376-954F-306874152D3A}.Release|ARM.ActiveCfg = Release|Any CPU
		{2552582D-710A-4376-954F-306874152D3A}.Release|ARM.Build.0 = Release|Any CPU
		{2552582D-710A-4376-954F-306874152D3A}.Release|ARM64.ActiveCfg = Release|Any CPU
		{2552582D-710A-4376-954F-306874152D3A}.Release|ARM64.Build.0 = Release|Any CPU
		{2552582D-710A-4376-954F-306874152D3A}.Release|x64.ActiveCfg = Release|Any CPU
		{2552582D-710A-4376-954F-306874152D3A}.Release|x64.Build.0 = Release|Any CPU
		{2552582D-710A-4376-954F-306874152D3A}.Release|x86.ActiveCfg = Release|Any CPU
		{2552582D-710A-4376-954F-306874152D3A}.Release|x86.Build.0 = Release|Any CPU
		{67098D4F-9088-43B6-81EB-369D3214E891}.Debug|Any CPU.ActiveCfg = Debug|Any CPU
		{67098D4F-9088-43B6-81EB-369D3214E891}.Debug|Any CPU.Build.0 = Debug|Any CPU
		{67098D4F-9088-43B6-81EB-369D3214E891}.Debug|ARM.ActiveCfg = Debug|Any CPU
		{67098D4F-9088-43B6-81EB-369D3214E891}.Debug|ARM.Build.0 = Debug|Any CPU
		{67098D4F-9088-43B6-81EB-369D3214E891}.Debug|ARM64.ActiveCfg = Debug|Any CPU
		{67098D4F-9088-43B6-81EB-369D3214E891}.Debug|ARM64.Build.0 = Debug|Any CPU
		{67098D4F-9088-43B6-81EB-369D3214E891}.Debug|x64.ActiveCfg = Debug|Any CPU
		{67098D4F-9088-43B6-81EB-369D3214E891}.Debug|x64.Build.0 = Debug|Any CPU
		{67098D4F-9088-43B6-81EB-369D3214E891}.Debug|x86.ActiveCfg = Debug|Any CPU
		{67098D4F-9088-43B6-81EB-369D3214E891}.Debug|x86.Build.0 = Debug|Any CPU
		{67098D4F-9088-43B6-81EB-369D3214E891}.Release|Any CPU.ActiveCfg = Release|Any CPU
		{67098D4F-9088-43B6-81EB-369D3214E891}.Release|Any CPU.Build.0 = Release|Any CPU
		{67098D4F-9088-43B6-81EB-369D3214E891}.Release|ARM.ActiveCfg = Release|Any CPU
		{67098D4F-9088-43B6-81EB-369D3214E891}.Release|ARM.Build.0 = Release|Any CPU
		{67098D4F-9088-43B6-81EB-369D3214E891}.Release|ARM64.ActiveCfg = Release|Any CPU
		{67098D4F-9088-43B6-81EB-369D3214E891}.Release|ARM64.Build.0 = Release|Any CPU
		{67098D4F-9088-43B6-81EB-369D3214E891}.Release|x64.ActiveCfg = Release|Any CPU
		{67098D4F-9088-43B6-81EB-369D3214E891}.Release|x64.Build.0 = Release|Any CPU
		{67098D4F-9088-43B6-81EB-369D3214E891}.Release|x86.ActiveCfg = Release|Any CPU
		{67098D4F-9088-43B6-81EB-369D3214E891}.Release|x86.Build.0 = Release|Any CPU
		{B8F5D331-7584-4271-9622-D774F16981B2}.Debug|Any CPU.ActiveCfg = Debug|Any CPU
		{B8F5D331-7584-4271-9622-D774F16981B2}.Debug|Any CPU.Build.0 = Debug|Any CPU
		{B8F5D331-7584-4271-9622-D774F16981B2}.Debug|ARM.ActiveCfg = Debug|Any CPU
		{B8F5D331-7584-4271-9622-D774F16981B2}.Debug|ARM.Build.0 = Debug|Any CPU
		{B8F5D331-7584-4271-9622-D774F16981B2}.Debug|ARM64.ActiveCfg = Debug|Any CPU
		{B8F5D331-7584-4271-9622-D774F16981B2}.Debug|ARM64.Build.0 = Debug|Any CPU
		{B8F5D331-7584-4271-9622-D774F16981B2}.Debug|x64.ActiveCfg = Debug|Any CPU
		{B8F5D331-7584-4271-9622-D774F16981B2}.Debug|x64.Build.0 = Debug|Any CPU
		{B8F5D331-7584-4271-9622-D774F16981B2}.Debug|x86.ActiveCfg = Debug|Any CPU
		{B8F5D331-7584-4271-9622-D774F16981B2}.Debug|x86.Build.0 = Debug|Any CPU
		{B8F5D331-7584-4271-9622-D774F16981B2}.Release|Any CPU.ActiveCfg = Release|Any CPU
		{B8F5D331-7584-4271-9622-D774F16981B2}.Release|Any CPU.Build.0 = Release|Any CPU
		{B8F5D331-7584-4271-9622-D774F16981B2}.Release|ARM.ActiveCfg = Release|Any CPU
		{B8F5D331-7584-4271-9622-D774F16981B2}.Release|ARM.Build.0 = Release|Any CPU
		{B8F5D331-7584-4271-9622-D774F16981B2}.Release|ARM64.ActiveCfg = Release|Any CPU
		{B8F5D331-7584-4271-9622-D774F16981B2}.Release|ARM64.Build.0 = Release|Any CPU
		{B8F5D331-7584-4271-9622-D774F16981B2}.Release|x64.ActiveCfg = Release|Any CPU
		{B8F5D331-7584-4271-9622-D774F16981B2}.Release|x64.Build.0 = Release|Any CPU
		{B8F5D331-7584-4271-9622-D774F16981B2}.Release|x86.ActiveCfg = Release|Any CPU
		{B8F5D331-7584-4271-9622-D774F16981B2}.Release|x86.Build.0 = Release|Any CPU
	EndGlobalSection
	GlobalSection(SolutionProperties) = preSolution
		HideSolutionNode = FALSE
	EndGlobalSection
	GlobalSection(ExtensibilityGlobals) = postSolution
		SolutionGuid = {29DED936-8A8F-43AC-9B34-2E248FF050F0}
	EndGlobalSection
EndGlobal
